// !$*UTF8*$!
{
	archiveVersion = 1;
	classes = {
	};
	objectVersion = 46;
	objects = {

/* Begin PBXBuildFile section */
		270E51771B068518001CDF3C /* EntryListViewController.m in Sources */ = {isa = PBXBuildFile; fileRef = 270E51761B068518001CDF3C /* EntryListViewController.m */; };
		270E517A1B068991001CDF3C /* AddEntryViewController.m in Sources */ = {isa = PBXBuildFile; fileRef = 270E51791B068991001CDF3C /* AddEntryViewController.m */; };
		270E517D1B068B8D001CDF3C /* EntryController.m in Sources */ = {isa = PBXBuildFile; fileRef = 270E517C1B068B8D001CDF3C /* EntryController.m */; };
		27786B9D1B0AB38900FFDE9C /* Entry.m in Sources */ = {isa = PBXBuildFile; fileRef = 27786B9C1B0AB38900FFDE9C /* Entry.m */; };
		27D425321B005BA40099F224 /* main.m in Sources */ = {isa = PBXBuildFile; fileRef = 27D425311B005BA40099F224 /* main.m */; };
		27D425351B005BA40099F224 /* AppDelegate.m in Sources */ = {isa = PBXBuildFile; fileRef = 27D425341B005BA40099F224 /* AppDelegate.m */; };
		27D425381B005BA40099F224 /* ViewController.m in Sources */ = {isa = PBXBuildFile; fileRef = 27D425371B005BA40099F224 /* ViewController.m */; };
		27D4253B1B005BA40099F224 /* Main.storyboard in Resources */ = {isa = PBXBuildFile; fileRef = 27D425391B005BA40099F224 /* Main.storyboard */; };
		27D4253D1B005BA40099F224 /* Images.xcassets in Resources */ = {isa = PBXBuildFile; fileRef = 27D4253C1B005BA40099F224 /* Images.xcassets */; };
		27D425401B005BA40099F224 /* LaunchScreen.xib in Resources */ = {isa = PBXBuildFile; fileRef = 27D4253E1B005BA40099F224 /* LaunchScreen.xib */; };
		27D4254C1B005BA40099F224 /* UserPasswordTestTests.m in Sources */ = {isa = PBXBuildFile; fileRef = 27D4254B1B005BA40099F224 /* UserPasswordTestTests.m */; };
		27D4266E1B026A7B0099F224 /* UserController.m in Sources */ = {isa = PBXBuildFile; fileRef = 27D4266D1B026A7B0099F224 /* UserController.m */; };
		27D426741B02775F0099F224 /* SignUpViewController.m in Sources */ = {isa = PBXBuildFile; fileRef = 27D426731B02775F0099F224 /* SignUpViewController.m */; };
		27D426C11B03B6DA0099F224 /* Model.xcdatamodeld in Sources */ = {isa = PBXBuildFile; fileRef = 27D426BF1B03B6DA0099F224 /* Model.xcdatamodeld */; };
		27D426C71B03B85F0099F224 /* User.m in Sources */ = {isa = PBXBuildFile; fileRef = 27D426C61B03B85F0099F224 /* User.m */; };
		27D426CA1B03B91E0099F224 /* Stack.m in Sources */ = {isa = PBXBuildFile; fileRef = 27D426C91B03B91E0099F224 /* Stack.m */; };
/* End PBXBuildFile section */

/* Begin PBXContainerItemProxy section */
		27D425461B005BA40099F224 /* PBXContainerItemProxy */ = {
			isa = PBXContainerItemProxy;
			containerPortal = 27D425241B005BA40099F224 /* Project object */;
			proxyType = 1;
			remoteGlobalIDString = 27D4252B1B005BA40099F224;
			remoteInfo = UserPasswordTest;
		};
/* End PBXContainerItemProxy section */

/* Begin PBXFileReference section */
		270E51751B068518001CDF3C /* EntryListViewController.h */ = {isa = PBXFileReference; fileEncoding = 4; lastKnownFileType = sourcecode.c.h; path = EntryListViewController.h; sourceTree = "<group>"; };
		270E51761B068518001CDF3C /* EntryListViewController.m */ = {isa = PBXFileReference; fileEncoding = 4; lastKnownFileType = sourcecode.c.objc; path = EntryListViewController.m; sourceTree = "<group>"; };
		270E51781B068991001CDF3C /* AddEntryViewController.h */ = {isa = PBXFileReference; fileEncoding = 4; lastKnownFileType = sourcecode.c.h; path = AddEntryViewController.h; sourceTree = "<group>"; };
		270E51791B068991001CDF3C /* AddEntryViewController.m */ = {isa = PBXFileReference; fileEncoding = 4; lastKnownFileType = sourcecode.c.objc; path = AddEntryViewController.m; sourceTree = "<group>"; };
		270E517B1B068B8D001CDF3C /* EntryController.h */ = {isa = PBXFileReference; fileEncoding = 4; lastKnownFileType = sourcecode.c.h; path = EntryController.h; sourceTree = "<group>"; };
		270E517C1B068B8D001CDF3C /* EntryController.m */ = {isa = PBXFileReference; fileEncoding = 4; lastKnownFileType = sourcecode.c.objc; path = EntryController.m; sourceTree = "<group>"; };
		27786B9B1B0AB38900FFDE9C /* Entry.h */ = {isa = PBXFileReference; fileEncoding = 4; lastKnownFileType = sourcecode.c.h; name = Entry.h; path = ../Entry.h; sourceTree = "<group>"; };
		27786B9C1B0AB38900FFDE9C /* Entry.m */ = {isa = PBXFileReference; fileEncoding = 4; lastKnownFileType = sourcecode.c.objc; name = Entry.m; path = ../Entry.m; sourceTree = "<group>"; };
		27D4252C1B005BA40099F224 /* UserPasswordTest.app */ = {isa = PBXFileReference; explicitFileType = wrapper.application; includeInIndex = 0; path = UserPasswordTest.app; sourceTree = BUILT_PRODUCTS_DIR; };
		27D425301B005BA40099F224 /* Info.plist */ = {isa = PBXFileReference; lastKnownFileType = text.plist.xml; path = Info.plist; sourceTree = "<group>"; };
		27D425311B005BA40099F224 /* main.m */ = {isa = PBXFileReference; lastKnownFileType = sourcecode.c.objc; path = main.m; sourceTree = "<group>"; };
		27D425331B005BA40099F224 /* AppDelegate.h */ = {isa = PBXFileReference; lastKnownFileType = sourcecode.c.h; path = AppDelegate.h; sourceTree = "<group>"; };
		27D425341B005BA40099F224 /* AppDelegate.m */ = {isa = PBXFileReference; lastKnownFileType = sourcecode.c.objc; path = AppDelegate.m; sourceTree = "<group>"; };
		27D425361B005BA40099F224 /* ViewController.h */ = {isa = PBXFileReference; lastKnownFileType = sourcecode.c.h; path = ViewController.h; sourceTree = "<group>"; };
		27D425371B005BA40099F224 /* ViewController.m */ = {isa = PBXFileReference; lastKnownFileType = sourcecode.c.objc; path = ViewController.m; sourceTree = "<group>"; };
		27D4253A1B005BA40099F224 /* Base */ = {isa = PBXFileReference; lastKnownFileType = file.storyboard; name = Base; path = Base.lproj/Main.storyboard; sourceTree = "<group>"; };
		27D4253C1B005BA40099F224 /* Images.xcassets */ = {isa = PBXFileReference; lastKnownFileType = folder.assetcatalog; path = Images.xcassets; sourceTree = "<group>"; };
		27D4253F1B005BA40099F224 /* Base */ = {isa = PBXFileReference; lastKnownFileType = file.xib; name = Base; path = Base.lproj/LaunchScreen.xib; sourceTree = "<group>"; };
		27D425451B005BA40099F224 /* UserPasswordTestTests.xctest */ = {isa = PBXFileReference; explicitFileType = wrapper.cfbundle; includeInIndex = 0; path = UserPasswordTestTests.xctest; sourceTree = BUILT_PRODUCTS_DIR; };
		27D4254A1B005BA40099F224 /* Info.plist */ = {isa = PBXFileReference; lastKnownFileType = text.plist.xml; path = Info.plist; sourceTree = "<group>"; };
		27D4254B1B005BA40099F224 /* UserPasswordTestTests.m */ = {isa = PBXFileReference; lastKnownFileType = sourcecode.c.objc; path = UserPasswordTestTests.m; sourceTree = "<group>"; };
		27D4266C1B026A7B0099F224 /* UserController.h */ = {isa = PBXFileReference; fileEncoding = 4; lastKnownFileType = sourcecode.c.h; path = UserController.h; sourceTree = "<group>"; };
		27D4266D1B026A7B0099F224 /* UserController.m */ = {isa = PBXFileReference; fileEncoding = 4; lastKnownFileType = sourcecode.c.objc; path = UserController.m; sourceTree = "<group>"; };
		27D426721B02775F0099F224 /* SignUpViewController.h */ = {isa = PBXFileReference; fileEncoding = 4; lastKnownFileType = sourcecode.c.h; path = SignUpViewController.h; sourceTree = "<group>"; };
		27D426731B02775F0099F224 /* SignUpViewController.m */ = {isa = PBXFileReference; fileEncoding = 4; lastKnownFileType = sourcecode.c.objc; path = SignUpViewController.m; sourceTree = "<group>"; };
		27D426C01B03B6DA0099F224 /* Model.xcdatamodel */ = {isa = PBXFileReference; lastKnownFileType = wrapper.xcdatamodel; path = Model.xcdatamodel; sourceTree = "<group>"; };
		27D426C51B03B85F0099F224 /* User.h */ = {isa = PBXFileReference; fileEncoding = 4; lastKnownFileType = sourcecode.c.h; name = User.h; path = ../User.h; sourceTree = "<group>"; };
		27D426C61B03B85F0099F224 /* User.m */ = {isa = PBXFileReference; fileEncoding = 4; lastKnownFileType = sourcecode.c.objc; name = User.m; path = ../User.m; sourceTree = "<group>"; };
		27D426C81B03B91E0099F224 /* Stack.h */ = {isa = PBXFileReference; fileEncoding = 4; lastKnownFileType = sourcecode.c.h; path = Stack.h; sourceTree = "<group>"; };
		27D426C91B03B91E0099F224 /* Stack.m */ = {isa = PBXFileReference; fileEncoding = 4; lastKnownFileType = sourcecode.c.objc; path = Stack.m; sourceTree = "<group>"; };
/* End PBXFileReference section */

/* Begin PBXFrameworksBuildPhase section */
		27D425291B005BA40099F224 /* Frameworks */ = {
			isa = PBXFrameworksBuildPhase;
			buildActionMask = 2147483647;
			files = (
			);
			runOnlyForDeploymentPostprocessing = 0;
		};
		27D425421B005BA40099F224 /* Frameworks */ = {
			isa = PBXFrameworksBuildPhase;
			buildActionMask = 2147483647;
			files = (
			);
			runOnlyForDeploymentPostprocessing = 0;
		};
/* End PBXFrameworksBuildPhase section */

/* Begin PBXGroup section */
		270E51741B0684EE001CDF3C /* In the App  */ = {
			isa = PBXGroup;
			children = (
			);
			name = "In the App ";
			sourceTree = "<group>";
		};
		27D425231B005BA40099F224 = {
			isa = PBXGroup;
			children = (
				27D4252E1B005BA40099F224 /* UserPasswordTest */,
				27D425481B005BA40099F224 /* UserPasswordTestTests */,
				27D4252D1B005BA40099F224 /* Products */,
			);
			sourceTree = "<group>";
		};
		27D4252D1B005BA40099F224 /* Products */ = {
			isa = PBXGroup;
			children = (
				27D4252C1B005BA40099F224 /* UserPasswordTest.app */,
				27D425451B005BA40099F224 /* UserPasswordTestTests.xctest */,
			);
			name = Products;
			sourceTree = "<group>";
		};
		27D4252E1B005BA40099F224 /* UserPasswordTest */ = {
			isa = PBXGroup;
			children = (
				27D425331B005BA40099F224 /* AppDelegate.h */,
				27D425341B005BA40099F224 /* AppDelegate.m */,
				27D425361B005BA40099F224 /* ViewController.h */,
				27D425371B005BA40099F224 /* ViewController.m */,
				27D426721B02775F0099F224 /* SignUpViewController.h */,
				27D426731B02775F0099F224 /* SignUpViewController.m */,
				27D4266C1B026A7B0099F224 /* UserController.h */,
				27D4266D1B026A7B0099F224 /* UserController.m */,
				27D426C51B03B85F0099F224 /* User.h */,
				27D426C61B03B85F0099F224 /* User.m */,
				27D426C81B03B91E0099F224 /* Stack.h */,
				27D426C91B03B91E0099F224 /* Stack.m */,
				270E51741B0684EE001CDF3C /* In the App  */,
				270E51751B068518001CDF3C /* EntryListViewController.h */,
				270E51761B068518001CDF3C /* EntryListViewController.m */,
				270E51781B068991001CDF3C /* AddEntryViewController.h */,
				270E51791B068991001CDF3C /* AddEntryViewController.m */,
				270E517B1B068B8D001CDF3C /* EntryController.h */,
				270E517C1B068B8D001CDF3C /* EntryController.m */,
				27786B9B1B0AB38900FFDE9C /* Entry.h */,
				27786B9C1B0AB38900FFDE9C /* Entry.m */,
				27D426BF1B03B6DA0099F224 /* Model.xcdatamodeld */,
				27D425391B005BA40099F224 /* Main.storyboard */,
				27D4253C1B005BA40099F224 /* Images.xcassets */,
				27D4253E1B005BA40099F224 /* LaunchScreen.xib */,
				27D4252F1B005BA40099F224 /* Supporting Files */,
			);
			path = UserPasswordTest;
			sourceTree = "<group>";
		};
		27D4252F1B005BA40099F224 /* Supporting Files */ = {
			isa = PBXGroup;
			children = (
				27D425301B005BA40099F224 /* Info.plist */,
				27D425311B005BA40099F224 /* main.m */,
			);
			name = "Supporting Files";
			sourceTree = "<group>";
		};
		27D425481B005BA40099F224 /* UserPasswordTestTests */ = {
			isa = PBXGroup;
			children = (
				27D4254B1B005BA40099F224 /* UserPasswordTestTests.m */,
				27D425491B005BA40099F224 /* Supporting Files */,
			);
			path = UserPasswordTestTests;
			sourceTree = "<group>";
		};
		27D425491B005BA40099F224 /* Supporting Files */ = {
			isa = PBXGroup;
			children = (
				27D4254A1B005BA40099F224 /* Info.plist */,
			);
			name = "Supporting Files";
			sourceTree = "<group>";
		};
/* End PBXGroup section */

/* Begin PBXNativeTarget section */
		27D4252B1B005BA40099F224 /* UserPasswordTest */ = {
			isa = PBXNativeTarget;
			buildConfigurationList = 27D4254F1B005BA40099F224 /* Build configuration list for PBXNativeTarget "UserPasswordTest" */;
			buildPhases = (
				27D425281B005BA40099F224 /* Sources */,
				27D425291B005BA40099F224 /* Frameworks */,
				27D4252A1B005BA40099F224 /* Resources */,
			);
			buildRules = (
			);
			dependencies = (
			);
			name = UserPasswordTest;
			productName = UserPasswordTest;
			productReference = 27D4252C1B005BA40099F224 /* UserPasswordTest.app */;
			productType = "com.apple.product-type.application";
		};
		27D425441B005BA40099F224 /* UserPasswordTestTests */ = {
			isa = PBXNativeTarget;
			buildConfigurationList = 27D425521B005BA40099F224 /* Build configuration list for PBXNativeTarget "UserPasswordTestTests" */;
			buildPhases = (
				27D425411B005BA40099F224 /* Sources */,
				27D425421B005BA40099F224 /* Frameworks */,
				27D425431B005BA40099F224 /* Resources */,
			);
			buildRules = (
			);
			dependencies = (
				27D425471B005BA40099F224 /* PBXTargetDependency */,
			);
			name = UserPasswordTestTests;
			productName = UserPasswordTestTests;
			productReference = 27D425451B005BA40099F224 /* UserPasswordTestTests.xctest */;
			productType = "com.apple.product-type.bundle.unit-test";
		};
/* End PBXNativeTarget section */

/* Begin PBXProject section */
		27D425241B005BA40099F224 /* Project object */ = {
			isa = PBXProject;
			attributes = {
				LastUpgradeCheck = 0630;
				ORGANIZATIONNAME = "Ethan Hess";
				TargetAttributes = {
					27D4252B1B005BA40099F224 = {
						CreatedOnToolsVersion = 6.3.1;
					};
					27D425441B005BA40099F224 = {
						CreatedOnToolsVersion = 6.3.1;
						TestTargetID = 27D4252B1B005BA40099F224;
					};
				};
			};
			buildConfigurationList = 27D425271B005BA40099F224 /* Build configuration list for PBXProject "UserPasswordTest" */;
			compatibilityVersion = "Xcode 3.2";
			developmentRegion = English;
			hasScannedForEncodings = 0;
			knownRegions = (
				en,
				Base,
			);
			mainGroup = 27D425231B005BA40099F224;
			productRefGroup = 27D4252D1B005BA40099F224 /* Products */;
			projectDirPath = "";
			projectRoot = "";
			targets = (
				27D4252B1B005BA40099F224 /* UserPasswordTest */,
				27D425441B005BA40099F224 /* UserPasswordTestTests */,
			);
		};
/* End PBXProject section */

/* Begin PBXResourcesBuildPhase section */
		27D4252A1B005BA40099F224 /* Resources */ = {
			isa = PBXResourcesBuildPhase;
			buildActionMask = 2147483647;
			files = (
				27D4253B1B005BA40099F224 /* Main.storyboard in Resources */,
				27D425401B005BA40099F224 /* LaunchScreen.xib in Resources */,
				27D4253D1B005BA40099F224 /* Images.xcassets in Resources */,
			);
			runOnlyForDeploymentPostprocessing = 0;
		};
		27D425431B005BA40099F224 /* Resources */ = {
			isa = PBXResourcesBuildPhase;
			buildActionMask = 2147483647;
			files = (
			);
			runOnlyForDeploymentPostprocessing = 0;
		};
/* End PBXResourcesBuildPhase section */

/* Begin PBXSourcesBuildPhase section */
		27D425281B005BA40099F224 /* Sources */ = {
			isa = PBXSourcesBuildPhase;
			buildActionMask = 2147483647;
			files = (
				27786B9D1B0AB38900FFDE9C /* Entry.m in Sources */,
				27D426CA1B03B91E0099F224 /* Stack.m in Sources */,
				270E517D1B068B8D001CDF3C /* EntryController.m in Sources */,
				270E51771B068518001CDF3C /* EntryListViewController.m in Sources */,
				27D425381B005BA40099F224 /* ViewController.m in Sources */,
				27D426C71B03B85F0099F224 /* User.m in Sources */,
				27D426741B02775F0099F224 /* SignUpViewController.m in Sources */,
				270E517A1B068991001CDF3C /* AddEntryViewController.m in Sources */,
				27D425351B005BA40099F224 /* AppDelegate.m in Sources */,
				27D4266E1B026A7B0099F224 /* UserController.m in Sources */,
				27D425321B005BA40099F224 /* main.m in Sources */,
				27D426C11B03B6DA0099F224 /* Model.xcdatamodeld in Sources */,
			);
			runOnlyForDeploymentPostprocessing = 0;
		};
		27D425411B005BA40099F224 /* Sources */ = {
			isa = PBXSourcesBuildPhase;
			buildActionMask = 2147483647;
			files = (
				27D4254C1B005BA40099F224 /* UserPasswordTestTests.m in Sources */,
			);
			runOnlyForDeploymentPostprocessing = 0;
		};
/* End PBXSourcesBuildPhase section */

/* Begin PBXTargetDependency section */
		27D425471B005BA40099F224 /* PBXTargetDependency */ = {
			isa = PBXTargetDependency;
			target = 27D4252B1B005BA40099F224 /* UserPasswordTest */;
			targetProxy = 27D425461B005BA40099F224 /* PBXContainerItemProxy */;
		};
/* End PBXTargetDependency section */

/* Begin PBXVariantGroup section */
		27D425391B005BA40099F224 /* Main.storyboard */ = {
			isa = PBXVariantGroup;
			children = (
				27D4253A1B005BA40099F224 /* Base */,
			);
			name = Main.storyboard;
			sourceTree = "<group>";
		};
		27D4253E1B005BA40099F224 /* LaunchScreen.xib */ = {
			isa = PBXVariantGroup;
			children = (
				27D4253F1B005BA40099F224 /* Base */,
			);
			name = LaunchScreen.xib;
			sourceTree = "<group>";
		};
/* End PBXVariantGroup section */

/* Begin XCBuildConfiguration section */
		27D4254D1B005BA40099F224 /* Debug */ = {
			isa = XCBuildConfiguration;
			buildSettings = {
				ALWAYS_SEARCH_USER_PATHS = NO;
				CLANG_CXX_LANGUAGE_STANDARD = "gnu++0x";
				CLANG_CXX_LIBRARY = "libc++";
				CLANG_ENABLE_MODULES = YES;
				CLANG_ENABLE_OBJC_ARC = YES;
				CLANG_WARN_BOOL_CONVERSION = YES;
				CLANG_WARN_CONSTANT_CONVERSION = YES;
				CLANG_WARN_DIRECT_OBJC_ISA_USAGE = YES_ERROR;
				CLANG_WARN_EMPTY_BODY = YES;
				CLANG_WARN_ENUM_CONVERSION = YES;
				CLANG_WARN_INT_CONVERSION = YES;
				CLANG_WARN_OBJC_ROOT_CLASS = YES_ERROR;
				CLANG_WARN_UNREACHABLE_CODE = YES;
				CLANG_WARN__DUPLICATE_METHOD_MATCH = YES;
				"CODE_SIGN_IDENTITY[sdk=iphoneos*]" = "iPhone Developer";
				COPY_PHASE_STRIP = NO;
				DEBUG_INFORMATION_FORMAT = "dwarf-with-dsym";
				ENABLE_STRICT_OBJC_MSGSEND = YES;
				GCC_C_LANGUAGE_STANDARD = gnu99;
				GCC_DYNAMIC_NO_PIC = NO;
				GCC_NO_COMMON_BLOCKS = YES;
				GCC_OPTIMIZATION_LEVEL = 0;
				GCC_PREPROCESSOR_DEFINITIONS = (
					"DEBUG=1",
					"$(inherited)",
				);
				GCC_SYMBOLS_PRIVATE_EXTERN = NO;
				GCC_WARN_64_TO_32_BIT_CONVERSION = YES;
				GCC_WARN_ABOUT_RETURN_TYPE = YES_ERROR;
				GCC_WARN_UNDECLARED_SELECTOR = YES;
				GCC_WARN_UNINITIALIZED_AUTOS = YES_AGGRESSIVE;
				GCC_WARN_UNUSED_FUNCTION = YES;
				GCC_WARN_UNUSED_VARIABLE = YES;
				IPHONEOS_DEPLOYMENT_TARGET = 8.3;
				MTL_ENABLE_DEBUG_INFO = YES;
				ONLY_ACTIVE_ARCH = YES;
				SDKROOT = iphoneos;
				TARGETED_DEVICE_FAMILY = "1,2";
			};
			name = Debug;
		};
		27D4254E1B005BA40099F224 /* Release */ = {
			isa = XCBuildConfiguration;
			buildSettings = {
				ALWAYS_SEARCH_USER_PATHS = NO;
				CLANG_CXX_LANGUAGE_STANDARD = "gnu++0x";
				CLANG_CXX_LIBRARY = "libc++";
				CLANG_ENABLE_MODULES = YES;
				CLANG_ENABLE_OBJC_ARC = YES;
				CLANG_WARN_BOOL_CONVERSION = YES;
				CLANG_WARN_CONSTANT_CONVERSION = YES;
				CLANG_WARN_DIRECT_OBJC_ISA_USAGE = YES_ERROR;
				CLANG_WARN_EMPTY_BODY = YES;
				CLANG_WARN_ENUM_CONVERSION = YES;
				CLANG_WARN_INT_CONVERSION = YES;
				CLANG_WARN_OBJC_ROOT_CLASS = YES_ERROR;
				CLANG_WARN_UNREACHABLE_CODE = YES;
				CLANG_WARN__DUPLICATE_METHOD_MATCH = YES;
				"CODE_SIGN_IDENTITY[sdk=iphoneos*]" = "iPhone Developer";
				COPY_PHASE_STRIP = NO;
				DEBUG_INFORMATION_FORMAT = "dwarf-with-dsym";
				ENABLE_NS_ASSERTIONS = NO;
				ENABLE_STRICT_OBJC_MSGSEND = YES;
				GCC_C_LANGUAGE_STANDARD = gnu99;
				GCC_NO_COMMON_BLOCKS = YES;
				GCC_WARN_64_TO_32_BIT_CONVERSION = YES;
				GCC_WARN_ABOUT_RETURN_TYPE = YES_ERROR;
				GCC_WARN_UNDECLARED_SELECTOR = YES;
				GCC_WARN_UNINITIALIZED_AUTOS = YES_AGGRESSIVE;
				GCC_WARN_UNUSED_FUNCTION = YES;
				GCC_WARN_UNUSED_VARIABLE = YES;
				IPHONEOS_DEPLOYMENT_TARGET = 8.3;
				MTL_ENABLE_DEBUG_INFO = NO;
				SDKROOT = iphoneos;
				TARGETED_DEVICE_FAMILY = "1,2";
				VALIDATE_PRODUCT = YES;
			};
			name = Release;
		};
		27D425501B005BA40099F224 /* Debug */ = {
			isa = XCBuildConfiguration;
			buildSettings = {
				ASSETCATALOG_COMPILER_APPICON_NAME = AppIcon;
				INFOPLIST_FILE = UserPasswordTest/Info.plist;
				LD_RUNPATH_SEARCH_PATHS = "$(inherited) @executable_path/Frameworks";
				PRODUCT_NAME = "$(TARGET_NAME)";
			};
			name = Debug;
		};
		27D425511B005BA40099F224 /* Release */ = {
			isa = XCBuildConfiguration;
			buildSettings = {
				ASSETCATALOG_COMPILER_APPICON_NAME = AppIcon;
				INFOPLIST_FILE = UserPasswordTest/Info.plist;
				LD_RUNPATH_SEARCH_PATHS = "$(inherited) @executable_path/Frameworks";
				PRODUCT_NAME = "$(TARGET_NAME)";
			};
			name = Release;
		};
		27D425531B005BA40099F224 /* Debug */ = {
			isa = XCBuildConfiguration;
			buildSettings = {
				BUNDLE_LOADER = "$(TEST_HOST)";
				FRAMEWORK_SEARCH_PATHS = (
					"$(SDKROOT)/Developer/Library/Frameworks",
					"$(inherited)",
				);
				GCC_PREPROCESSOR_DEFINITIONS = (
					"DEBUG=1",
					"$(inherited)",
				);
				INFOPLIST_FILE = UserPasswordTestTests/Info.plist;
				LD_RUNPATH_SEARCH_PATHS = "$(inherited) @executable_path/Frameworks @loader_path/Frameworks";
				PRODUCT_NAME = "$(TARGET_NAME)";
				TEST_HOST = "$(BUILT_PRODUCTS_DIR)/UserPasswordTest.app/UserPasswordTest";
			};
			name = Debug;
		};
		27D425541B005BA40099F224 /* Release */ = {
			isa = XCBuildConfiguration;
			buildSettings = {
				BUNDLE_LOADER = "$(TEST_HOST)";
				FRAMEWORK_SEARCH_PATHS = (
					"$(SDKROOT)/Developer/Library/Frameworks",
					"$(inherited)",
				);
				INFOPLIST_FILE = UserPasswordTestTests/Info.plist;
				LD_RUNPATH_SEARCH_PATHS = "$(inherited) @executable_path/Frameworks @loader_path/Frameworks";
				PRODUCT_NAME = "$(TARGET_NAME)";
				TEST_HOST = "$(BUILT_PRODUCTS_DIR)/UserPasswordTest.app/UserPasswordTest";
			};
			name = Release;
		};
/* End XCBuildConfiguration section */

/* Begin XCConfigurationList section */
		27D425271B005BA40099F224 /* Build configuration list for PBXProject "UserPasswordTest" */ = {
			isa = XCConfigurationList;
			buildConfigurations = (
				27D4254D1B005BA40099F224 /* Debug */,
				27D4254E1B005BA40099F224 /* Release */,
			);
			defaultConfigurationIsVisible = 0;
			defaultConfigurationName = Release;
		};
		27D4254F1B005BA40099F224 /* Build configuration list for PBXNativeTarget "UserPasswordTest" */ = {
			isa = XCConfigurationList;
			buildConfigurations = (
				27D425501B005BA40099F224 /* Debug */,
				27D425511B005BA40099F224 /* Release */,
			);
			defaultConfigurationIsVisible = 0;
			defaultConfigurationName = Release;
		};
		27D425521B005BA40099F224 /* Build configuration list for PBXNativeTarget "UserPasswordTestTests" */ = {
			isa = XCConfigurationList;
			buildConfigurations = (
				27D425531B005BA40099F224 /* Debug */,
				27D425541B005BA40099F224 /* Release */,
			);
			defaultConfigurationIsVisible = 0;
			defaultConfigurationName = Release;
		};
/* End XCConfigurationList section */

/* Begin XCVersionGroup section */
		27D426BF1B03B6DA0099F224 /* Model.xcdatamodeld */ = {
			isa = XCVersionGroup;
			children = (
				27D426C01B03B6DA0099F224 /* Model.xcdatamodel */,
			);
			currentVersion = 27D426C01B03B6DA0099F224 /* Model.xcdatamodel */;
			path = Model.xcdatamodeld;
			sourceTree = "<group>";
			versionGroupType = wrapper.xcdatamodel;
		};
/* End XCVersionGroup section */
	};
	rootObject = 27D425241B005BA40099F224 /* Project object */;
}
